// !$*UTF8*$!
{
	archiveVersion = 1;
	classes = {
	};
	objectVersion = 55;
	objects = {

/* Begin PBXBuildFile section */
		D41D69532750D6BE0038B706 /* AppDelegate.swift in Sources */ = {isa = PBXBuildFile; fileRef = D41D69522750D6BE0038B706 /* AppDelegate.swift */; };
		D41D69552750D6BE0038B706 /* SceneDelegate.swift in Sources */ = {isa = PBXBuildFile; fileRef = D41D69542750D6BE0038B706 /* SceneDelegate.swift */; };
		D41D69572750D6BE0038B706 /* RegisterViewController.swift in Sources */ = {isa = PBXBuildFile; fileRef = D41D69562750D6BE0038B706 /* RegisterViewController.swift */; };
		D41D695A2750D6BE0038B706 /* Main.storyboard in Resources */ = {isa = PBXBuildFile; fileRef = D41D69582750D6BE0038B706 /* Main.storyboard */; };
		D41D695C2750D6C00038B706 /* Assets.xcassets in Resources */ = {isa = PBXBuildFile; fileRef = D41D695B2750D6C00038B706 /* Assets.xcassets */; };
		D41D695F2750D6C00038B706 /* LaunchScreen.storyboard in Resources */ = {isa = PBXBuildFile; fileRef = D41D695D2750D6C00038B706 /* LaunchScreen.storyboard */; };
		D4253D862775689D0031D85A /* OpenDoorNavigationController.swift in Sources */ = {isa = PBXBuildFile; fileRef = D4253D852775689D0031D85A /* OpenDoorNavigationController.swift */; };
		D43A617A276254E5007D2F8C /* Door_Lock_CA.cer in Resources */ = {isa = PBXBuildFile; fileRef = D43A6179276254BB007D2F8C /* Door_Lock_CA.cer */; };
		D43A617D276259EC007D2F8C /* NotificationBannerSwift in Frameworks */ = {isa = PBXBuildFile; productRef = D43A617C276259EC007D2F8C /* NotificationBannerSwift */; };
		D4636A0B27609140001EAA61 /* CertificateSigningRequest in Frameworks */ = {isa = PBXBuildFile; productRef = D4636A0A27609140001EAA61 /* CertificateSigningRequest */; };
		D4636A0E2760915E001EAA61 /* PublicDefinitions.swift in Sources */ = {isa = PBXBuildFile; fileRef = D4636A0D2760915E001EAA61 /* PublicDefinitions.swift */; };
		D4636A10276091C4001EAA61 /* Crypto.swift in Sources */ = {isa = PBXBuildFile; fileRef = D4636A0F276091C4001EAA61 /* Crypto.swift */; };
		D4A97BBA2765C4F40078BDB6 /* IQKeyboardManagerSwift in Frameworks */ = {isa = PBXBuildFile; productRef = D4A97BB92765C4F40078BDB6 /* IQKeyboardManagerSwift */; };
		D4F5F0602771B43C00AA9096 /* OpenDoorTableViewController.swift in Sources */ = {isa = PBXBuildFile; fileRef = D4F5F05F2771B43C00AA9096 /* OpenDoorTableViewController.swift */; };
/* End PBXBuildFile section */

/* Begin PBXFileReference section */
		D41D694F2750D6BE0038B706 /* Door Lock.app */ = {isa = PBXFileReference; explicitFileType = wrapper.application; includeInIndex = 0; path = "Door Lock.app"; sourceTree = BUILT_PRODUCTS_DIR; };
		D41D69522750D6BE0038B706 /* AppDelegate.swift */ = {isa = PBXFileReference; lastKnownFileType = sourcecode.swift; path = AppDelegate.swift; sourceTree = "<group>"; };
		D41D69542750D6BE0038B706 /* SceneDelegate.swift */ = {isa = PBXFileReference; lastKnownFileType = sourcecode.swift; path = SceneDelegate.swift; sourceTree = "<group>"; };
		D41D69562750D6BE0038B706 /* RegisterViewController.swift */ = {isa = PBXFileReference; lastKnownFileType = sourcecode.swift; path = RegisterViewController.swift; sourceTree = "<group>"; };
		D41D69592750D6BE0038B706 /* Base */ = {isa = PBXFileReference; lastKnownFileType = file.storyboard; name = Base; path = Base.lproj/Main.storyboard; sourceTree = "<group>"; };
		D41D695B2750D6C00038B706 /* Assets.xcassets */ = {isa = PBXFileReference; lastKnownFileType = folder.assetcatalog; path = Assets.xcassets; sourceTree = "<group>"; };
		D41D695E2750D6C00038B706 /* Base */ = {isa = PBXFileReference; lastKnownFileType = file.storyboard; name = Base; path = Base.lproj/LaunchScreen.storyboard; sourceTree = "<group>"; };
		D41D69602750D6C00038B706 /* Info.plist */ = {isa = PBXFileReference; lastKnownFileType = text.plist.xml; path = Info.plist; sourceTree = "<group>"; };
		D4253D852775689D0031D85A /* OpenDoorNavigationController.swift */ = {isa = PBXFileReference; lastKnownFileType = sourcecode.swift; path = OpenDoorNavigationController.swift; sourceTree = "<group>"; };
		D43A6179276254BB007D2F8C /* Door_Lock_CA.cer */ = {isa = PBXFileReference; lastKnownFileType = file; path = Door_Lock_CA.cer; sourceTree = "<group>"; };
		D4636A0D2760915E001EAA61 /* PublicDefinitions.swift */ = {isa = PBXFileReference; lastKnownFileType = sourcecode.swift; path = PublicDefinitions.swift; sourceTree = "<group>"; };
		D4636A0F276091C4001EAA61 /* Crypto.swift */ = {isa = PBXFileReference; lastKnownFileType = sourcecode.swift; path = Crypto.swift; sourceTree = "<group>"; };
		D4F5F05F2771B43C00AA9096 /* OpenDoorTableViewController.swift */ = {isa = PBXFileReference; lastKnownFileType = sourcecode.swift; path = OpenDoorTableViewController.swift; sourceTree = "<group>"; };
/* End PBXFileReference section */

/* Begin PBXFrameworksBuildPhase section */
		D41D694C2750D6BE0038B706 /* Frameworks */ = {
			isa = PBXFrameworksBuildPhase;
			buildActionMask = 2147483647;
			files = (
				D4636A0B27609140001EAA61 /* CertificateSigningRequest in Frameworks */,
				D43A617D276259EC007D2F8C /* NotificationBannerSwift in Frameworks */,
				D4A97BBA2765C4F40078BDB6 /* IQKeyboardManagerSwift in Frameworks */,
			);
			runOnlyForDeploymentPostprocessing = 0;
		};
/* End PBXFrameworksBuildPhase section */

/* Begin PBXGroup section */
		D41D69462750D6BD0038B706 = {
			isa = PBXGroup;
			children = (
				D41D69512750D6BE0038B706 /* Door Lock */,
				D41D69502750D6BE0038B706 /* Products */,
			);
			sourceTree = "<group>";
		};
		D41D69502750D6BE0038B706 /* Products */ = {
			isa = PBXGroup;
			children = (
				D41D694F2750D6BE0038B706 /* Door Lock.app */,
			);
			name = Products;
			sourceTree = "<group>";
		};
		D41D69512750D6BE0038B706 /* Door Lock */ = {
			isa = PBXGroup;
			children = (
				D4636A0C2760914B001EAA61 /* Supporting Files */,
				D41D69522750D6BE0038B706 /* AppDelegate.swift */,
				D41D69542750D6BE0038B706 /* SceneDelegate.swift */,
				D41D69562750D6BE0038B706 /* RegisterViewController.swift */,
				D41D69582750D6BE0038B706 /* Main.storyboard */,
				D4253D852775689D0031D85A /* OpenDoorNavigationController.swift */,
				D4F5F05F2771B43C00AA9096 /* OpenDoorTableViewController.swift */,
				D41D695B2750D6C00038B706 /* Assets.xcassets */,
				D41D695D2750D6C00038B706 /* LaunchScreen.storyboard */,
				D41D69602750D6C00038B706 /* Info.plist */,
			);
			path = "Door Lock";
			sourceTree = "<group>";
		};
		D4636A0C2760914B001EAA61 /* Supporting Files */ = {
			isa = PBXGroup;
			children = (
				D43A6179276254BB007D2F8C /* Door_Lock_CA.cer */,
				D4636A0D2760915E001EAA61 /* PublicDefinitions.swift */,
				D4636A0F276091C4001EAA61 /* Crypto.swift */,
			);
			path = "Supporting Files";
			sourceTree = "<group>";
		};
/* End PBXGroup section */

/* Begin PBXNativeTarget section */
		D41D694E2750D6BE0038B706 /* Door Lock */ = {
			isa = PBXNativeTarget;
			buildConfigurationList = D41D69632750D6C00038B706 /* Build configuration list for PBXNativeTarget "Door Lock" */;
			buildPhases = (
				D41D694B2750D6BE0038B706 /* Sources */,
				D41D694C2750D6BE0038B706 /* Frameworks */,
				D41D694D2750D6BE0038B706 /* Resources */,
			);
			buildRules = (
			);
			dependencies = (
			);
			name = "Door Lock";
			packageProductDependencies = (
				D4636A0A27609140001EAA61 /* CertificateSigningRequest */,
				D43A617C276259EC007D2F8C /* NotificationBannerSwift */,
				D4A97BB92765C4F40078BDB6 /* IQKeyboardManagerSwift */,
			);
			productName = "Door Lock";
			productReference = D41D694F2750D6BE0038B706 /* Door Lock.app */;
			productType = "com.apple.product-type.application";
		};
/* End PBXNativeTarget section */

/* Begin PBXProject section */
		D41D69472750D6BD0038B706 /* Project object */ = {
			isa = PBXProject;
			attributes = {
				BuildIndependentTargetsInParallel = 1;
				LastSwiftUpdateCheck = 1310;
				LastUpgradeCheck = 1310;
				TargetAttributes = {
					D41D694E2750D6BE0038B706 = {
						CreatedOnToolsVersion = 13.1;
					};
				};
			};
			buildConfigurationList = D41D694A2750D6BD0038B706 /* Build configuration list for PBXProject "Door Lock" */;
			compatibilityVersion = "Xcode 13.0";
			developmentRegion = en;
			hasScannedForEncodings = 0;
			knownRegions = (
				en,
				Base,
			);
			mainGroup = D41D69462750D6BD0038B706;
			packageReferences = (
				D4636A0927609140001EAA61 /* XCRemoteSwiftPackageReference "CertificateSigningRequest" */,
				D43A617B276259EC007D2F8C /* XCRemoteSwiftPackageReference "NotificationBanner" */,
				D4A97BB82765C4F40078BDB6 /* XCRemoteSwiftPackageReference "IQKeyboardManager" */,
			);
			productRefGroup = D41D69502750D6BE0038B706 /* Products */;
			projectDirPath = "";
			projectRoot = "";
			targets = (
				D41D694E2750D6BE0038B706 /* Door Lock */,
			);
		};
/* End PBXProject section */

/* Begin PBXResourcesBuildPhase section */
		D41D694D2750D6BE0038B706 /* Resources */ = {
			isa = PBXResourcesBuildPhase;
			buildActionMask = 2147483647;
			files = (
				D43A617A276254E5007D2F8C /* Door_Lock_CA.cer in Resources */,
				D41D695F2750D6C00038B706 /* LaunchScreen.storyboard in Resources */,
				D41D695C2750D6C00038B706 /* Assets.xcassets in Resources */,
				D41D695A2750D6BE0038B706 /* Main.storyboard in Resources */,
			);
			runOnlyForDeploymentPostprocessing = 0;
		};
/* End PBXResourcesBuildPhase section */

/* Begin PBXSourcesBuildPhase section */
		D41D694B2750D6BE0038B706 /* Sources */ = {
			isa = PBXSourcesBuildPhase;
			buildActionMask = 2147483647;
			files = (
				D41D69572750D6BE0038B706 /* RegisterViewController.swift in Sources */,
				D4636A0E2760915E001EAA61 /* PublicDefinitions.swift in Sources */,
				D4253D862775689D0031D85A /* OpenDoorNavigationController.swift in Sources */,
				D4636A10276091C4001EAA61 /* Crypto.swift in Sources */,
				D41D69532750D6BE0038B706 /* AppDelegate.swift in Sources */,
				D41D69552750D6BE0038B706 /* SceneDelegate.swift in Sources */,
				D4F5F0602771B43C00AA9096 /* OpenDoorTableViewController.swift in Sources */,
			);
			runOnlyForDeploymentPostprocessing = 0;
		};
/* End PBXSourcesBuildPhase section */

/* Begin PBXVariantGroup section */
		D41D69582750D6BE0038B706 /* Main.storyboard */ = {
			isa = PBXVariantGroup;
			children = (
				D41D69592750D6BE0038B706 /* Base */,
			);
			name = Main.storyboard;
			sourceTree = "<group>";
		};
		D41D695D2750D6C00038B706 /* LaunchScreen.storyboard */ = {
			isa = PBXVariantGroup;
			children = (
				D41D695E2750D6C00038B706 /* Base */,
			);
			name = LaunchScreen.storyboard;
			sourceTree = "<group>";
		};
/* End PBXVariantGroup section */

/* Begin XCBuildConfiguration section */
		D41D69612750D6C00038B706 /* Debug */ = {
			isa = XCBuildConfiguration;
			buildSettings = {
				ALWAYS_SEARCH_USER_PATHS = NO;
				CLANG_ANALYZER_NONNULL = YES;
				CLANG_ANALYZER_NUMBER_OBJECT_CONVERSION = YES_AGGRESSIVE;
				CLANG_CXX_LANGUAGE_STANDARD = "gnu++17";
				CLANG_CXX_LIBRARY = "libc++";
				CLANG_ENABLE_MODULES = YES;
				CLANG_ENABLE_OBJC_ARC = YES;
				CLANG_ENABLE_OBJC_WEAK = YES;
				CLANG_WARN_BLOCK_CAPTURE_AUTORELEASING = YES;
				CLANG_WARN_BOOL_CONVERSION = YES;
				CLANG_WARN_COMMA = YES;
				CLANG_WARN_CONSTANT_CONVERSION = YES;
				CLANG_WARN_DEPRECATED_OBJC_IMPLEMENTATIONS = YES;
				CLANG_WARN_DIRECT_OBJC_ISA_USAGE = YES_ERROR;
				CLANG_WARN_DOCUMENTATION_COMMENTS = YES;
				CLANG_WARN_EMPTY_BODY = YES;
				CLANG_WARN_ENUM_CONVERSION = YES;
				CLANG_WARN_INFINITE_RECURSION = YES;
				CLANG_WARN_INT_CONVERSION = YES;
				CLANG_WARN_NON_LITERAL_NULL_CONVERSION = YES;
				CLANG_WARN_OBJC_IMPLICIT_RETAIN_SELF = YES;
				CLANG_WARN_OBJC_LITERAL_CONVERSION = YES;
				CLANG_WARN_OBJC_ROOT_CLASS = YES_ERROR;
				CLANG_WARN_QUOTED_INCLUDE_IN_FRAMEWORK_HEADER = YES;
				CLANG_WARN_RANGE_LOOP_ANALYSIS = YES;
				CLANG_WARN_STRICT_PROTOTYPES = YES;
				CLANG_WARN_SUSPICIOUS_MOVE = YES;
				CLANG_WARN_UNGUARDED_AVAILABILITY = YES_AGGRESSIVE;
				CLANG_WARN_UNREACHABLE_CODE = YES;
				CLANG_WARN__DUPLICATE_METHOD_MATCH = YES;
				COPY_PHASE_STRIP = NO;
				DEBUG_INFORMATION_FORMAT = dwarf;
				ENABLE_STRICT_OBJC_MSGSEND = YES;
				ENABLE_TESTABILITY = YES;
				GCC_C_LANGUAGE_STANDARD = gnu11;
				GCC_DYNAMIC_NO_PIC = NO;
				GCC_NO_COMMON_BLOCKS = YES;
				GCC_OPTIMIZATION_LEVEL = 0;
				GCC_PREPROCESSOR_DEFINITIONS = (
					"DEBUG=1",
					"$(inherited)",
				);
				GCC_WARN_64_TO_32_BIT_CONVERSION = YES;
				GCC_WARN_ABOUT_RETURN_TYPE = YES_ERROR;
				GCC_WARN_UNDECLARED_SELECTOR = YES;
				GCC_WARN_UNINITIALIZED_AUTOS = YES_AGGRESSIVE;
				GCC_WARN_UNUSED_FUNCTION = YES;
				GCC_WARN_UNUSED_VARIABLE = YES;
				IPHONEOS_DEPLOYMENT_TARGET = 15.0;
				MTL_ENABLE_DEBUG_INFO = INCLUDE_SOURCE;
				MTL_FAST_MATH = YES;
				ONLY_ACTIVE_ARCH = YES;
				SDKROOT = iphoneos;
				SWIFT_ACTIVE_COMPILATION_CONDITIONS = DEBUG;
				SWIFT_OPTIMIZATION_LEVEL = "-Onone";
			};
			name = Debug;
		};
		D41D69622750D6C00038B706 /* Release */ = {
			isa = XCBuildConfiguration;
			buildSettings = {
				ALWAYS_SEARCH_USER_PATHS = NO;
				CLANG_ANALYZER_NONNULL = YES;
				CLANG_ANALYZER_NUMBER_OBJECT_CONVERSION = YES_AGGRESSIVE;
				CLANG_CXX_LANGUAGE_STANDARD = "gnu++17";
				CLANG_CXX_LIBRARY = "libc++";
				CLANG_ENABLE_MODULES = YES;
				CLANG_ENABLE_OBJC_ARC = YES;
				CLANG_ENABLE_OBJC_WEAK = YES;
				CLANG_WARN_BLOCK_CAPTURE_AUTORELEASING = YES;
				CLANG_WARN_BOOL_CONVERSION = YES;
				CLANG_WARN_COMMA = YES;
				CLANG_WARN_CONSTANT_CONVERSION = YES;
				CLANG_WARN_DEPRECATED_OBJC_IMPLEMENTATIONS = YES;
				CLANG_WARN_DIRECT_OBJC_ISA_USAGE = YES_ERROR;
				CLANG_WARN_DOCUMENTATION_COMMENTS = YES;
				CLANG_WARN_EMPTY_BODY = YES;
				CLANG_WARN_ENUM_CONVERSION = YES;
				CLANG_WARN_INFINITE_RECURSION = YES;
				CLANG_WARN_INT_CONVERSION = YES;
				CLANG_WARN_NON_LITERAL_NULL_CONVERSION = YES;
				CLANG_WARN_OBJC_IMPLICIT_RETAIN_SELF = YES;
				CLANG_WARN_OBJC_LITERAL_CONVERSION = YES;
				CLANG_WARN_OBJC_ROOT_CLASS = YES_ERROR;
				CLANG_WARN_QUOTED_INCLUDE_IN_FRAMEWORK_HEADER = YES;
				CLANG_WARN_RANGE_LOOP_ANALYSIS = YES;
				CLANG_WARN_STRICT_PROTOTYPES = YES;
				CLANG_WARN_SUSPICIOUS_MOVE = YES;
				CLANG_WARN_UNGUARDED_AVAILABILITY = YES_AGGRESSIVE;
				CLANG_WARN_UNREACHABLE_CODE = YES;
				CLANG_WARN__DUPLICATE_METHOD_MATCH = YES;
				COPY_PHASE_STRIP = NO;
				DEBUG_INFORMATION_FORMAT = "dwarf-with-dsym";
				ENABLE_NS_ASSERTIONS = NO;
				ENABLE_STRICT_OBJC_MSGSEND = YES;
				GCC_C_LANGUAGE_STANDARD = gnu11;
				GCC_NO_COMMON_BLOCKS = YES;
				GCC_WARN_64_TO_32_BIT_CONVERSION = YES;
				GCC_WARN_ABOUT_RETURN_TYPE = YES_ERROR;
				GCC_WARN_UNDECLARED_SELECTOR = YES;
				GCC_WARN_UNINITIALIZED_AUTOS = YES_AGGRESSIVE;
				GCC_WARN_UNUSED_FUNCTION = YES;
				GCC_WARN_UNUSED_VARIABLE = YES;
				IPHONEOS_DEPLOYMENT_TARGET = 15.0;
				MTL_ENABLE_DEBUG_INFO = NO;
				MTL_FAST_MATH = YES;
				SDKROOT = iphoneos;
				SWIFT_COMPILATION_MODE = wholemodule;
				SWIFT_OPTIMIZATION_LEVEL = "-O";
				VALIDATE_PRODUCT = YES;
			};
			name = Release;
		};
		D41D69642750D6C00038B706 /* Debug */ = {
			isa = XCBuildConfiguration;
			buildSettings = {
				ASSETCATALOG_COMPILER_APPICON_NAME = AppIcon;
				ASSETCATALOG_COMPILER_GLOBAL_ACCENT_COLOR_NAME = AccentColor;
				CODE_SIGN_STYLE = Automatic;
				CURRENT_PROJECT_VERSION = 1;
				DEVELOPMENT_TEAM = 9966EQFUET;
				GENERATE_INFOPLIST_FILE = YES;
				INFOPLIST_FILE = "Door Lock/Info.plist";
				INFOPLIST_KEY_NSFaceIDUsageDescription = "For authenticating.";
				INFOPLIST_KEY_UIApplicationSupportsIndirectInputEvents = YES;
				INFOPLIST_KEY_UILaunchStoryboardName = LaunchScreen;
				INFOPLIST_KEY_UIMainStoryboardFile = Main;
				INFOPLIST_KEY_UISupportedInterfaceOrientations = "UIInterfaceOrientationPortraitUpsideDown UIInterfaceOrientationPortrait";
				INFOPLIST_KEY_UISupportedInterfaceOrientations_iPad = "UIInterfaceOrientationPortrait UIInterfaceOrientationPortraitUpsideDown UIInterfaceOrientationLandscapeLeft UIInterfaceOrientationLandscapeRight";
				INFOPLIST_KEY_UISupportedInterfaceOrientations_iPhone = "UIInterfaceOrientationPortrait UIInterfaceOrientationLandscapeLeft UIInterfaceOrientationLandscapeRight";
				IPHONEOS_DEPLOYMENT_TARGET = 15.0;
				LD_RUNPATH_SEARCH_PATHS = (
					"$(inherited)",
					"@executable_path/Frameworks",
				);
				MARKETING_VERSION = 1.0;
				PRODUCT_BUNDLE_IDENTIFIER = "com.philipzhan.Door-Lock";
				PRODUCT_NAME = "$(TARGET_NAME)";
				SWIFT_EMIT_LOC_STRINGS = YES;
				SWIFT_VERSION = 5.0;
				TARGETED_DEVICE_FAMILY = "1,2";
			};
			name = Debug;
		};
		D41D69652750D6C00038B706 /* Release */ = {
			isa = XCBuildConfiguration;
			buildSettings = {
				ASSETCATALOG_COMPILER_APPICON_NAME = AppIcon;
				ASSETCATALOG_COMPILER_GLOBAL_ACCENT_COLOR_NAME = AccentColor;
				CODE_SIGN_STYLE = Automatic;
				CURRENT_PROJECT_VERSION = 1;
				DEVELOPMENT_TEAM = 9966EQFUET;
				GENERATE_INFOPLIST_FILE = YES;
				INFOPLIST_FILE = "Door Lock/Info.plist";
				INFOPLIST_KEY_NSFaceIDUsageDescription = "For authenticating.";
				INFOPLIST_KEY_UIApplicationSupportsIndirectInputEvents = YES;
				INFOPLIST_KEY_UILaunchStoryboardName = LaunchScreen;
				INFOPLIST_KEY_UIMainStoryboardFile = Main;
				INFOPLIST_KEY_UISupportedInterfaceOrientations = "UIInterfaceOrientationPortraitUpsideDown UIInterfaceOrientationPortrait";
				INFOPLIST_KEY_UISupportedInterfaceOrientations_iPad = "UIInterfaceOrientationPortrait UIInterfaceOrientationPortraitUpsideDown UIInterfaceOrientationLandscapeLeft UIInterfaceOrientationLandscapeRight";
				INFOPLIST_KEY_UISupportedInterfaceOrientations_iPhone = "UIInterfaceOrientationPortrait UIInterfaceOrientationLandscapeLeft UIInterfaceOrientationLandscapeRight";
				IPHONEOS_DEPLOYMENT_TARGET = 15.0;
				LD_RUNPATH_SEARCH_PATHS = (
					"$(inherited)",
					"@executable_path/Frameworks",
				);
				MARKETING_VERSION = 1.0;
				PRODUCT_BUNDLE_IDENTIFIER = "com.philipzhan.Door-Lock";
				PRODUCT_NAME = "$(TARGET_NAME)";
				SWIFT_EMIT_LOC_STRINGS = YES;
				SWIFT_VERSION = 5.0;
				TARGETED_DEVICE_FAMILY = "1,2";
			};
			name = Release;
		};
/* End XCBuildConfiguration section */

/* Begin XCConfigurationList section */
		D41D694A2750D6BD0038B706 /* Build configuration list for PBXProject "Door Lock" */ = {
			isa = XCConfigurationList;
			buildConfigurations = (
				D41D69612750D6C00038B706 /* Debug */,
				D41D69622750D6C00038B706 /* Release */,
			);
			defaultConfigurationIsVisible = 0;
			defaultConfigurationName = Release;
		};
		D41D69632750D6C00038B706 /* Build configuration list for PBXNativeTarget "Door Lock" */ = {
			isa = XCConfigurationList;
			buildConfigurations = (
				D41D69642750D6C00038B706 /* Debug */,
				D41D69652750D6C00038B706 /* Release */,
			);
			defaultConfigurationIsVisible = 0;
			defaultConfigurationName = Release;
		};
/* End XCConfigurationList section */

/* Begin XCRemoteSwiftPackageReference section */
		D43A617B276259EC007D2F8C /* XCRemoteSwiftPackageReference "NotificationBanner" */ = {
			isa = XCRemoteSwiftPackageReference;
			repositoryURL = "https://github.com/Daltron/NotificationBanner.git";
			requirement = {
				kind = upToNextMajorVersion;
				minimumVersion = 3.0.0;
			};
		};
		D4636A0927609140001EAA61 /* XCRemoteSwiftPackageReference "CertificateSigningRequest" */ = {
			isa = XCRemoteSwiftPackageReference;
			repositoryURL = "https://github.com/cbaker6/CertificateSigningRequest.git";
			requirement = {
				kind = upToNextMajorVersion;
				minimumVersion = 1.0.0;
			};
		};
		D4A97BB82765C4F40078BDB6 /* XCRemoteSwiftPackageReference "IQKeyboardManager" */ = {
			isa = XCRemoteSwiftPackageReference;
			repositoryURL = "https://github.com/hackiftekhar/IQKeyboardManager.git";
			requirement = {
				kind = upToNextMajorVersion;
				minimumVersion = 6.0.0;
			};
		};
/* End XCRemoteSwiftPackageReference section */

/* Begin XCSwiftPackageProductDependency section */
		D43A617C276259EC007D2F8C /* NotificationBannerSwift */ = {
			isa = XCSwiftPackageProductDependency;
			package = D43A617B276259EC007D2F8C /* XCRemoteSwiftPackageReference "NotificationBanner" */;
			productName = NotificationBannerSwift;
		};
		D4636A0A27609140001EAA61 /* CertificateSigningRequest */ = {
			isa = XCSwiftPackageProductDependency;
			package = D4636A0927609140001EAA61 /* XCRemoteSwiftPackageReference "CertificateSigningRequest" */;
			productName = CertificateSigningRequest;
		};
		D4A97BB92765C4F40078BDB6 /* IQKeyboardManagerSwift */ = {
			isa = XCSwiftPackageProductDependency;
			package = D4A97BB82765C4F40078BDB6 /* XCRemoteSwiftPackageReference "IQKeyboardManager" */;
			productName = IQKeyboardManagerSwift;
		};
/* End XCSwiftPackageProductDependency section */
	};
	rootObject = D41D69472750D6BD0038B706 /* Project object */;
}
